
Microsoft Visual Studio Solution File, Format Version 12.00
# Visual Studio Version 17
VisualStudioVersion = 17.4.33403.182
MinimumVisualStudioVersion = 10.0.40219.1
Project("{FAE04EC0-301F-11D3-BF4B-00C04F79EFBC}") = "SegmentTree", "SegmentTree\SegmentTree.csproj", "{9C5B46B2-42E8-4F6D-8934-B4E8A7E6D41F}"
EndProject
Global
	GlobalSection(SolutionConfigurationPlatforms) = preSolution
		Debug|Any CPU = Debug|Any CPU
		Release|Any CPU = Release|Any CPU
	EndGlobalSection
	GlobalSection(ProjectConfigurationPlatforms) = postSolution
		{9C5B46B2-42E8-4F6D-8934-B4E8A7E6D41F}.Debug|Any CPU.ActiveCfg = Debug|Any CPU
		{9C5B46B2-42E8-4F6D-8934-B4E8A7E6D41F}.Debug|Any CPU.Build.0 = Debug|Any CPU
		{9C5B46B2-42E8-4F6D-8934-B4E8A7E6D41F}.Release|Any CPU.ActiveCfg = Release|Any CPU
		{9C5B46B2-42E8-4F6D-8934-B4E8A7E6D41F}.Release|Any CPU.Build.0 = Release|Any CPU
	EndGlobalSection
	GlobalSection(SolutionProperties) = preSolution
		HideSolutionNode = FALSE
	EndGlobalSection
	GlobalSection(ExtensibilityGlobals) = postSolution
		SolutionGuid = {84DED26F-15B6-4177-B2C3-42EA0F612E12}
	EndGlobalSection
EndGlobal
